github.com/HugoBlox/kit/modules/blox v0.11.1-0.20260219152919-4fcfe33cc04a h1:usM5CKJ2OL8/pL4n1Eqz2ZtNE+6QjDRVbo/teOIopd4=
github.com/HugoBlox/kit/modules/blox v0.11.1-0.20260219152919-4fcfe33cc04a/go.mod h1:0F2Ss2NeylmaBP7+qx0U6zFPeMZ9NoLbAQakKXDqygo=
github.com/HugoBlox/kit/modules/integrations/netlify v1.2.2-0.20260219152919-4fcfe33cc04a h1:w4ZBLNEujflqn1qDiT/zpdgHr63l8IO/AmLYl9eD1LE=
github.com/HugoBlox/kit/modules/integrations/netlify v1.2.2-0.20260219152919-4fcfe33cc04a/go.mod h1:UuppRGml2K1EmlDkN+HemycohgZLjOy0QPGYOnoPnY4=
github.com/HugoBlox/kit/modules/slides v1.2.6-0.20260219152919-4fcfe33cc04a h1:69cQCngMj+NSzo5V7GNcmw5LVSaVsMqMubtlvhxGL88=
github.com/HugoBlox/kit/modules/slides v1.2.6-0.20260219152919-4fcfe33cc04a/go.mod h1:/XTQAtd2KCiwg/GVMAoSzKPf/DYPVbAAEysmBdWgYu4=
